
Microsoft Visual Studio Solution File, Format Version 12.00
# Visual Studio Version 17
VisualStudioVersion = 17.7.34202.233
MinimumVisualStudioVersion = 10.0.40219.1
Project("{FAE04EC0-301F-11D3-BF4B-00C04F79EFBC}") = "Management System App", "Management System App\Management System App.csproj", "{B14C7EC0-C3C5-45F2-B1D5-3E0ED726BB36}"
EndProject
Global
	GlobalSection(SolutionConfigurationPlatforms) = preSolution
		Debug|Any CPU = Debug|Any CPU
		Release|Any CPU = Release|Any CPU
	EndGlobalSection
	GlobalSection(ProjectConfigurationPlatforms) = postSolution
		{B14C7EC0-C3C5-45F2-B1D5-3E0ED726BB36}.Debug|Any CPU.ActiveCfg = Debug|Any CPU
		{B14C7EC0-C3C5-45F2-B1D5-3E0ED726BB36}.Debug|Any CPU.Build.0 = Debug|Any CPU
		{B14C7EC0-C3C5-45F2-B1D5-3E0ED726BB36}.Release|Any CPU.ActiveCfg = Release|Any CPU
		{B14C7EC0-C3C5-45F2-B1D5-3E0ED726BB36}.Release|Any CPU.Build.0 = Release|Any CPU
	EndGlobalSection
	GlobalSection(SolutionProperties) = preSolution
		HideSolutionNode = FALSE
	EndGlobalSection
	GlobalSection(ExtensibilityGlobals) = postSolution
		SolutionGuid = {3726A748-C3BE-4D7E-BD01-23F3F0F56A54}
	EndGlobalSection
EndGlobal
